// !$*UTF8*$!
{
	archiveVersion = 1;
	classes = {
	};
	objectVersion = 50;
	objects = {

/* Begin PBXBuildFile section */
		68F92555229DF5C3005AEE54 /* AppDelegate.swift in Sources */ = {isa = PBXBuildFile; fileRef = 68F92554229DF5C3005AEE54 /* AppDelegate.swift */; };
		68F92557229DF5C3005AEE54 /* ViewController.swift in Sources */ = {isa = PBXBuildFile; fileRef = 68F92556229DF5C3005AEE54 /* ViewController.swift */; };
		68F9255A229DF5C3005AEE54 /* Main.storyboard in Resources */ = {isa = PBXBuildFile; fileRef = 68F92558229DF5C3005AEE54 /* Main.storyboard */; };
		68F9255C229DF5C4005AEE54 /* Assets.xcassets in Resources */ = {isa = PBXBuildFile; fileRef = 68F9255B229DF5C4005AEE54 /* Assets.xcassets */; };
		68F9255F229DF5C4005AEE54 /* LaunchScreen.storyboard in Resources */ = {isa = PBXBuildFile; fileRef = 68F9255D229DF5C4005AEE54 /* LaunchScreen.storyboard */; };
		68F9256A229DF5C4005AEE54 /* iosAppTests.swift in Sources */ = {isa = PBXBuildFile; fileRef = 68F92569229DF5C4005AEE54 /* iosAppTests.swift */; };
		68F92575229DF5C4005AEE54 /* iosAppUITests.swift in Sources */ = {isa = PBXBuildFile; fileRef = 68F92574229DF5C4005AEE54 /* iosAppUITests.swift */; };
		68F92583229DF679005AEE54 /* main.framework in Frameworks */ = {isa = PBXBuildFile; fileRef = 68F92582229DF679005AEE54 /* main.framework */; };
		68F92584229DF679005AEE54 /* main.framework in Embed Frameworks */ = {isa = PBXBuildFile; fileRef = 68F92582229DF679005AEE54 /* main.framework */; settings = {ATTRIBUTES = (CodeSignOnCopy, RemoveHeadersOnCopy, ); }; };
/* End PBXBuildFile section */

/* Begin PBXContainerItemProxy section */
		68F92566229DF5C4005AEE54 /* PBXContainerItemProxy */ = {
			isa = PBXContainerItemProxy;
			containerPortal = 68F92549229DF5C3005AEE54 /* Project object */;
			proxyType = 1;
			remoteGlobalIDString = 68F92550229DF5C3005AEE54;
			remoteInfo = iosApp;
		};
		68F92571229DF5C4005AEE54 /* PBXContainerItemProxy */ = {
			isa = PBXContainerItemProxy;
			containerPortal = 68F92549229DF5C3005AEE54 /* Project object */;
			proxyType = 1;
			remoteGlobalIDString = 68F92550229DF5C3005AEE54;
			remoteInfo = iosApp;
		};
/* End PBXContainerItemProxy section */

/* Begin PBXCopyFilesBuildPhase section */
		68F92585229DF679005AEE54 /* Embed Frameworks */ = {
			isa = PBXCopyFilesBuildPhase;
			buildActionMask = 2147483647;
			dstPath = "";
			dstSubfolderSpec = 10;
			files = (
				68F92584229DF679005AEE54 /* main.framework in Embed Frameworks */,
			);
			name = "Embed Frameworks";
			runOnlyForDeploymentPostprocessing = 0;
		};
/* End PBXCopyFilesBuildPhase section */

/* Begin PBXFileReference section */
		68F92551229DF5C3005AEE54 /* iosApp.app */ = {isa = PBXFileReference; explicitFileType = wrapper.application; includeInIndex = 0; path = iosApp.app; sourceTree = BUILT_PRODUCTS_DIR; };
		68F92554229DF5C3005AEE54 /* AppDelegate.swift */ = {isa = PBXFileReference; lastKnownFileType = sourcecode.swift; path = AppDelegate.swift; sourceTree = "<group>"; };
		68F92556229DF5C3005AEE54 /* ViewController.swift */ = {isa = PBXFileReference; lastKnownFileType = sourcecode.swift; path = ViewController.swift; sourceTree = "<group>"; };
		68F92559229DF5C3005AEE54 /* Base */ = {isa = PBXFileReference; lastKnownFileType = file.storyboard; name = Base; path = Base.lproj/Main.storyboard; sourceTree = "<group>"; };
		68F9255B229DF5C4005AEE54 /* Assets.xcassets */ = {isa = PBXFileReference; lastKnownFileType = folder.assetcatalog; path = Assets.xcassets; sourceTree = "<group>"; };
		68F9255E229DF5C4005AEE54 /* Base */ = {isa = PBXFileReference; lastKnownFileType = file.storyboard; name = Base; path = Base.lproj/LaunchScreen.storyboard; sourceTree = "<group>"; };
		68F92560229DF5C4005AEE54 /* Info.plist */ = {isa = PBXFileReference; lastKnownFileType = text.plist.xml; path = Info.plist; sourceTree = "<group>"; };
		68F92565229DF5C4005AEE54 /* iosAppTests.xctest */ = {isa = PBXFileReference; explicitFileType = wrapper.cfbundle; includeInIndex = 0; path = iosAppTests.xctest; sourceTree = BUILT_PRODUCTS_DIR; };
		68F92569229DF5C4005AEE54 /* iosAppTests.swift */ = {isa = PBXFileReference; lastKnownFileType = sourcecode.swift; path = iosAppTests.swift; sourceTree = "<group>"; };
		68F9256B229DF5C4005AEE54 /* Info.plist */ = {isa = PBXFileReference; lastKnownFileType = text.plist.xml; path = Info.plist; sourceTree = "<group>"; };
		68F92570229DF5C4005AEE54 /* iosAppUITests.xctest */ = {isa = PBXFileReference; explicitFileType = wrapper.cfbundle; includeInIndex = 0; path = iosAppUITests.xctest; sourceTree = BUILT_PRODUCTS_DIR; };
		68F92574229DF5C4005AEE54 /* iosAppUITests.swift */ = {isa = PBXFileReference; lastKnownFileType = sourcecode.swift; path = iosAppUITests.swift; sourceTree = "<group>"; };
		68F92576229DF5C4005AEE54 /* Info.plist */ = {isa = PBXFileReference; lastKnownFileType = text.plist.xml; path = Info.plist; sourceTree = "<group>"; };
		68F92582229DF679005AEE54 /* main.framework */ = {isa = PBXFileReference; lastKnownFileType = wrapper.framework; name = main.framework; path = "../../core/build/xcode-frameworks/main.framework"; sourceTree = "<group>"; };
/* End PBXFileReference section */

/* Begin PBXFrameworksBuildPhase section */
		68F9254E229DF5C3005AEE54 /* Frameworks */ = {
			isa = PBXFrameworksBuildPhase;
			buildActionMask = 2147483647;
			files = (
				68F92583229DF679005AEE54 /* main.framework in Frameworks */,
			);
			runOnlyForDeploymentPostprocessing = 0;
		};
		68F92562229DF5C4005AEE54 /* Frameworks */ = {
			isa = PBXFrameworksBuildPhase;
			buildActionMask = 2147483647;
			files = (
			);
			runOnlyForDeploymentPostprocessing = 0;
		};
		68F9256D229DF5C4005AEE54 /* Frameworks */ = {
			isa = PBXFrameworksBuildPhase;
			buildActionMask = 2147483647;
			files = (
			);
			runOnlyForDeploymentPostprocessing = 0;
		};
/* End PBXFrameworksBuildPhase section */

/* Begin PBXGroup section */
		68F92548229DF5C3005AEE54 = {
			isa = PBXGroup;
			children = (
				68F92582229DF679005AEE54 /* main.framework */,
				68F92553229DF5C3005AEE54 /* iosApp */,
				68F92568229DF5C4005AEE54 /* iosAppTests */,
				68F92573229DF5C4005AEE54 /* iosAppUITests */,
				68F92552229DF5C3005AEE54 /* Products */,
			);
			sourceTree = "<group>";
		};
		68F92552229DF5C3005AEE54 /* Products */ = {
			isa = PBXGroup;
			children = (
				68F92551229DF5C3005AEE54 /* iosApp.app */,
				68F92565229DF5C4005AEE54 /* iosAppTests.xctest */,
				68F92570229DF5C4005AEE54 /* iosAppUITests.xctest */,
			);
			name = Products;
			sourceTree = "<group>";
		};
		68F92553229DF5C3005AEE54 /* iosApp */ = {
			isa = PBXGroup;
			children = (
				68F92554229DF5C3005AEE54 /* AppDelegate.swift */,
				68F92556229DF5C3005AEE54 /* ViewController.swift */,
				68F92558229DF5C3005AEE54 /* Main.storyboard */,
				68F9255B229DF5C4005AEE54 /* Assets.xcassets */,
				68F9255D229DF5C4005AEE54 /* LaunchScreen.storyboard */,
				68F92560229DF5C4005AEE54 /* Info.plist */,
			);
			path = iosApp;
			sourceTree = "<group>";
		};
		68F92568229DF5C4005AEE54 /* iosAppTests */ = {
			isa = PBXGroup;
			children = (
				68F92569229DF5C4005AEE54 /* iosAppTests.swift */,
				68F9256B229DF5C4005AEE54 /* Info.plist */,
			);
			path = iosAppTests;
			sourceTree = "<group>";
		};
		68F92573229DF5C4005AEE54 /* iosAppUITests */ = {
			isa = PBXGroup;
			children = (
				68F92574229DF5C4005AEE54 /* iosAppUITests.swift */,
				68F92576229DF5C4005AEE54 /* Info.plist */,
			);
			path = iosAppUITests;
			sourceTree = "<group>";
		};
/* End PBXGroup section */

/* Begin PBXNativeTarget section */
		68F92550229DF5C3005AEE54 /* iosApp */ = {
			isa = PBXNativeTarget;
			buildConfigurationList = 68F92579229DF5C4005AEE54 /* Build configuration list for PBXNativeTarget "iosApp" */;
			buildPhases = (
				68F9254D229DF5C3005AEE54 /* Sources */,
				68F9254E229DF5C3005AEE54 /* Frameworks */,
				68F9254F229DF5C3005AEE54 /* Resources */,
				68F92585229DF679005AEE54 /* Embed Frameworks */,
				68F92587229DFA6F005AEE54 /* ShellScript */,
			);
			buildRules = (
			);
			dependencies = (
			);
			name = iosApp;
			productName = iosApp;
			productReference = 68F92551229DF5C3005AEE54 /* iosApp.app */;
			productType = "com.apple.product-type.application";
		};
		68F92564229DF5C4005AEE54 /* iosAppTests */ = {
			isa = PBXNativeTarget;
			buildConfigurationList = 68F9257C229DF5C4005AEE54 /* Build configuration list for PBXNativeTarget "iosAppTests" */;
			buildPhases = (
				68F92561229DF5C4005AEE54 /* Sources */,
				68F92562229DF5C4005AEE54 /* Frameworks */,
				68F92563229DF5C4005AEE54 /* Resources */,
			);
			buildRules = (
			);
			dependencies = (
				68F92567229DF5C4005AEE54 /* PBXTargetDependency */,
			);
			name = iosAppTests;
			productName = iosAppTests;
			productReference = 68F92565229DF5C4005AEE54 /* iosAppTests.xctest */;
			productType = "com.apple.product-type.bundle.unit-test";
		};
		68F9256F229DF5C4005AEE54 /* iosAppUITests */ = {
			isa = PBXNativeTarget;
			buildConfigurationList = 68F9257F229DF5C4005AEE54 /* Build configuration list for PBXNativeTarget "iosAppUITests" */;
			buildPhases = (
				68F9256C229DF5C4005AEE54 /* Sources */,
				68F9256D229DF5C4005AEE54 /* Frameworks */,
				68F9256E229DF5C4005AEE54 /* Resources */,
			);
			buildRules = (
			);
			dependencies = (
				68F92572229DF5C4005AEE54 /* PBXTargetDependency */,
			);
			name = iosAppUITests;
			productName = iosAppUITests;
			productReference = 68F92570229DF5C4005AEE54 /* iosAppUITests.xctest */;
			productType = "com.apple.product-type.bundle.ui-testing";
		};
/* End PBXNativeTarget section */

/* Begin PBXProject section */
		68F92549229DF5C3005AEE54 /* Project object */ = {
			isa = PBXProject;
			attributes = {
				LastSwiftUpdateCheck = 1020;
				LastUpgradeCheck = 1020;
				ORGANIZATIONNAME = "Nate Ebel";
				TargetAttributes = {
					68F92550229DF5C3005AEE54 = {
						CreatedOnToolsVersion = 10.2.1;
					};
					68F92564229DF5C4005AEE54 = {
						CreatedOnToolsVersion = 10.2.1;
						TestTargetID = 68F92550229DF5C3005AEE54;
					};
					68F9256F229DF5C4005AEE54 = {
						CreatedOnToolsVersion = 10.2.1;
						TestTargetID = 68F92550229DF5C3005AEE54;
					};
				};
			};
			buildConfigurationList = 68F9254C229DF5C3005AEE54 /* Build configuration list for PBXProject "iosApp" */;
			compatibilityVersion = "Xcode 9.3";
			developmentRegion = en;
			hasScannedForEncodings = 0;
			knownRegions = (
				en,
				Base,
			);
			mainGroup = 68F92548229DF5C3005AEE54;
			productRefGroup = 68F92552229DF5C3005AEE54 /* Products */;
			projectDirPath = "";
			projectRoot = "";
			targets = (
				68F92550229DF5C3005AEE54 /* iosApp */,
				68F92564229DF5C4005AEE54 /* iosAppTests */,
				68F9256F229DF5C4005AEE54 /* iosAppUITests */,
			);
		};
/* End PBXProject section */

/* Begin PBXResourcesBuildPhase section */
		68F9254F229DF5C3005AEE54 /* Resources */ = {
			isa = PBXResourcesBuildPhase;
			buildActionMask = 2147483647;
			files = (
				68F9255F229DF5C4005AEE54 /* LaunchScreen.storyboard in Resources */,
				68F9255C229DF5C4005AEE54 /* Assets.xcassets in Resources */,
				68F9255A229DF5C3005AEE54 /* Main.storyboard in Resources */,
			);
			runOnlyForDeploymentPostprocessing = 0;
		};
		68F92563229DF5C4005AEE54 /* Resources */ = {
			isa = PBXResourcesBuildPhase;
			buildActionMask = 2147483647;
			files = (
			);
			runOnlyForDeploymentPostprocessing = 0;
		};
		68F9256E229DF5C4005AEE54 /* Resources */ = {
			isa = PBXResourcesBuildPhase;
			buildActionMask = 2147483647;
			files = (
			);
			runOnlyForDeploymentPostprocessing = 0;
		};
/* End PBXResourcesBuildPhase section */

/* Begin PBXShellScriptBuildPhase section */
		68F92587229DFA6F005AEE54 /* ShellScript */ = {
			isa = PBXShellScriptBuildPhase;
			buildActionMask = 2147483647;
			files = (
			);
			inputFileListPaths = (
			);
			inputPaths = (
			);
			outputFileListPaths = (
			);
			outputPaths = (
			);
			runOnlyForDeploymentPostprocessing = 0;
			shellPath = /bin/sh;
			shellScript = "cd \"$SRCROOT/../../core/build/xcode-frameworks\"\n./gradlew :core:packForXCode -PXCODE_CONFIGURATION=${CONFIGURATION}\n\n";
		};
/* End PBXShellScriptBuildPhase section */

/* Begin PBXSourcesBuildPhase section */
		68F9254D229DF5C3005AEE54 /* Sources */ = {
			isa = PBXSourcesBuildPhase;
			buildActionMask = 2147483647;
			files = (
				68F92557229DF5C3005AEE54 /* ViewController.swift in Sources */,
				68F92555229DF5C3005AEE54 /* AppDelegate.swift in Sources */,
			);
			runOnlyForDeploymentPostprocessing = 0;
		};
		68F92561229DF5C4005AEE54 /* Sources */ = {
			isa = PBXSourcesBuildPhase;
			buildActionMask = 2147483647;
			files = (
				68F9256A229DF5C4005AEE54 /* iosAppTests.swift in Sources */,
			);
			runOnlyForDeploymentPostprocessing = 0;
		};
		68F9256C229DF5C4005AEE54 /* Sources */ = {
			isa = PBXSourcesBuildPhase;
			buildActionMask = 2147483647;
			files = (
				68F92575229DF5C4005AEE54 /* iosAppUITests.swift in Sources */,
			);
			runOnlyForDeploymentPostprocessing = 0;
		};
/* End PBXSourcesBuildPhase section */

/* Begin PBXTargetDependency section */
		68F92567229DF5C4005AEE54 /* PBXTargetDependency */ = {
			isa = PBXTargetDependency;
			target = 68F92550229DF5C3005AEE54 /* iosApp */;
			targetProxy = 68F92566229DF5C4005AEE54 /* PBXContainerItemProxy */;
		};
		68F92572229DF5C4005AEE54 /* PBXTargetDependency */ = {
			isa = PBXTargetDependency;
			target = 68F92550229DF5C3005AEE54 /* iosApp */;
			targetProxy = 68F92571229DF5C4005AEE54 /* PBXContainerItemProxy */;
		};
/* End PBXTargetDependency section */

/* Begin PBXVariantGroup section */
		68F92558229DF5C3005AEE54 /* Main.storyboard */ = {
			isa = PBXVariantGroup;
			children = (
				68F92559229DF5C3005AEE54 /* Base */,
			);
			name = Main.storyboard;
			sourceTree = "<group>";
		};
		68F9255D229DF5C4005AEE54 /* LaunchScreen.storyboard */ = {
			isa = PBXVariantGroup;
			children = (
				68F9255E229DF5C4005AEE54 /* Base */,
			);
			name = LaunchScreen.storyboard;
			sourceTree = "<group>";
		};
/* End PBXVariantGroup section */

/* Begin XCBuildConfiguration section */
		68F92577229DF5C4005AEE54 /* Debug */ = {
			isa = XCBuildConfiguration;
			buildSettings = {
				ALWAYS_SEARCH_USER_PATHS = NO;
				CLANG_ANALYZER_NONNULL = YES;
				CLANG_ANALYZER_NUMBER_OBJECT_CONVERSION = YES_AGGRESSIVE;
				CLANG_CXX_LANGUAGE_STANDARD = "gnu++14";
				CLANG_CXX_LIBRARY = "libc++";
				CLANG_ENABLE_MODULES = YES;
				CLANG_ENABLE_OBJC_ARC = YES;
				CLANG_ENABLE_OBJC_WEAK = YES;
				CLANG_WARN_BLOCK_CAPTURE_AUTORELEASING = YES;
				CLANG_WARN_BOOL_CONVERSION = YES;
				CLANG_WARN_COMMA = YES;
				CLANG_WARN_CONSTANT_CONVERSION = YES;
				CLANG_WARN_DEPRECATED_OBJC_IMPLEMENTATIONS = YES;
				CLANG_WARN_DIRECT_OBJC_ISA_USAGE = YES_ERROR;
				CLANG_WARN_DOCUMENTATION_COMMENTS = YES;
				CLANG_WARN_EMPTY_BODY = YES;
				CLANG_WARN_ENUM_CONVERSION = YES;
				CLANG_WARN_INFINITE_RECURSION = YES;
				CLANG_WARN_INT_CONVERSION = YES;
				CLANG_WARN_NON_LITERAL_NULL_CONVERSION = YES;
				CLANG_WARN_OBJC_IMPLICIT_RETAIN_SELF = YES;
				CLANG_WARN_OBJC_LITERAL_CONVERSION = YES;
				CLANG_WARN_OBJC_ROOT_CLASS = YES_ERROR;
				CLANG_WARN_RANGE_LOOP_ANALYSIS = YES;
				CLANG_WARN_STRICT_PROTOTYPES = YES;
				CLANG_WARN_SUSPICIOUS_MOVE = YES;
				CLANG_WARN_UNGUARDED_AVAILABILITY = YES_AGGRESSIVE;
				CLANG_WARN_UNREACHABLE_CODE = YES;
				CLANG_WARN__DUPLICATE_METHOD_MATCH = YES;
				CODE_SIGN_IDENTITY = "iPhone Developer";
				COPY_PHASE_STRIP = NO;
				DEBUG_INFORMATION_FORMAT = dwarf;
				ENABLE_STRICT_OBJC_MSGSEND = YES;
				ENABLE_TESTABILITY = YES;
				GCC_C_LANGUAGE_STANDARD = gnu11;
				GCC_DYNAMIC_NO_PIC = NO;
				GCC_NO_COMMON_BLOCKS = YES;
				GCC_OPTIMIZATION_LEVEL = 0;
				GCC_PREPROCESSOR_DEFINITIONS = (
					"DEBUG=1",
					"$(inherited)",
				);
				GCC_WARN_64_TO_32_BIT_CONVERSION = YES;
				GCC_WARN_ABOUT_RETURN_TYPE = YES_ERROR;
				GCC_WARN_UNDECLARED_SELECTOR = YES;
				GCC_WARN_UNINITIALIZED_AUTOS = YES_AGGRESSIVE;
				GCC_WARN_UNUSED_FUNCTION = YES;
				GCC_WARN_UNUSED_VARIABLE = YES;
				IPHONEOS_DEPLOYMENT_TARGET = 12.2;
				MTL_ENABLE_DEBUG_INFO = INCLUDE_SOURCE;
				MTL_FAST_MATH = YES;
				ONLY_ACTIVE_ARCH = YES;
				SDKROOT = iphoneos;
				SWIFT_ACTIVE_COMPILATION_CONDITIONS = DEBUG;
				SWIFT_OPTIMIZATION_LEVEL = "-Onone";
			};
			name = Debug;
		};
		68F92578229DF5C4005AEE54 /* Release */ = {
			isa = XCBuildConfiguration;
			buildSettings = {
				ALWAYS_SEARCH_USER_PATHS = NO;
				CLANG_ANALYZER_NONNULL = YES;
				CLANG_ANALYZER_NUMBER_OBJECT_CONVERSION = YES_AGGRESSIVE;
				CLANG_CXX_LANGUAGE_STANDARD = "gnu++14";
				CLANG_CXX_LIBRARY = "libc++";
				CLANG_ENABLE_MODULES = YES;
				CLANG_ENABLE_OBJC_ARC = YES;
				CLANG_ENABLE_OBJC_WEAK = YES;
				CLANG_WARN_BLOCK_CAPTURE_AUTORELEASING = YES;
				CLANG_WARN_BOOL_CONVERSION = YES;
				CLANG_WARN_COMMA = YES;
				CLANG_WARN_CONSTANT_CONVERSION = YES;
				CLANG_WARN_DEPRECATED_OBJC_IMPLEMENTATIONS = YES;
				CLANG_WARN_DIRECT_OBJC_ISA_USAGE = YES_ERROR;
				CLANG_WARN_DOCUMENTATION_COMMENTS = YES;
				CLANG_WARN_EMPTY_BODY = YES;
				CLANG_WARN_ENUM_CONVERSION = YES;
				CLANG_WARN_INFINITE_RECURSION = YES;
				CLANG_WARN_INT_CONVERSION = YES;
				CLANG_WARN_NON_LITERAL_NULL_CONVERSION = YES;
				CLANG_WARN_OBJC_IMPLICIT_RETAIN_SELF = YES;
				CLANG_WARN_OBJC_LITERAL_CONVERSION = YES;
				CLANG_WARN_OBJC_ROOT_CLASS = YES_ERROR;
				CLANG_WARN_RANGE_LOOP_ANALYSIS = YES;
				CLANG_WARN_STRICT_PROTOTYPES = YES;
				CLANG_WARN_SUSPICIOUS_MOVE = YES;
				CLANG_WARN_UNGUARDED_AVAILABILITY = YES_AGGRESSIVE;
				CLANG_WARN_UNREACHABLE_CODE = YES;
				CLANG_WARN__DUPLICATE_METHOD_MATCH = YES;
				CODE_SIGN_IDENTITY = "iPhone Developer";
				COPY_PHASE_STRIP = NO;
				DEBUG_INFORMATION_FORMAT = "dwarf-with-dsym";
				ENABLE_NS_ASSERTIONS = NO;
				ENABLE_STRICT_OBJC_MSGSEND = YES;
				GCC_C_LANGUAGE_STANDARD = gnu11;
				GCC_NO_COMMON_BLOCKS = YES;
				GCC_WARN_64_TO_32_BIT_CONVERSION = YES;
				GCC_WARN_ABOUT_RETURN_TYPE = YES_ERROR;
				GCC_WARN_UNDECLARED_SELECTOR = YES;
				GCC_WARN_UNINITIALIZED_AUTOS = YES_AGGRESSIVE;
				GCC_WARN_UNUSED_FUNCTION = YES;
				GCC_WARN_UNUSED_VARIABLE = YES;
				IPHONEOS_DEPLOYMENT_TARGET = 12.2;
				MTL_ENABLE_DEBUG_INFO = NO;
				MTL_FAST_MATH = YES;
				SDKROOT = iphoneos;
				SWIFT_COMPILATION_MODE = wholemodule;
				SWIFT_OPTIMIZATION_LEVEL = "-O";
				VALIDATE_PRODUCT = YES;
			};
			name = Release;
		};
		68F9257A229DF5C4005AEE54 /* Debug */ = {
			isa = XCBuildConfiguration;
			buildSettings = {
				ASSETCATALOG_COMPILER_APPICON_NAME = AppIcon;
				CODE_SIGN_STYLE = Automatic;
				FRAMEWORK_SEARCH_PATHS = "$(SRCROOT)/../../core/build/xcode-frameworks";
				INFOPLIST_FILE = iosApp/Info.plist;
				LD_RUNPATH_SEARCH_PATHS = (
					"$(inherited)",
					"@executable_path/Frameworks",
				);
				PRODUCT_BUNDLE_IDENTIFIER = icp.iosApp;
				PRODUCT_NAME = "$(TARGET_NAME)";
				SWIFT_VERSION = 5.0;
				TARGETED_DEVICE_FAMILY = "1,2";
			};
			name = Debug;
		};
		68F9257B229DF5C4005AEE54 /* Release */ = {
			isa = XCBuildConfiguration;
			buildSettings = {
				ASSETCATALOG_COMPILER_APPICON_NAME = AppIcon;
				CODE_SIGN_STYLE = Automatic;
				FRAMEWORK_SEARCH_PATHS = "$(SRCROOT)/../../core/build/xcode-frameworks";
				INFOPLIST_FILE = iosApp/Info.plist;
				LD_RUNPATH_SEARCH_PATHS = (
					"$(inherited)",
					"@executable_path/Frameworks",
				);
				PRODUCT_BUNDLE_IDENTIFIER = icp.iosApp;
				PRODUCT_NAME = "$(TARGET_NAME)";
				SWIFT_VERSION = 5.0;
				TARGETED_DEVICE_FAMILY = "1,2";
			};
			name = Release;
		};
		68F9257D229DF5C4005AEE54 /* Debug */ = {
			isa = XCBuildConfiguration;
			buildSettings = {
				ALWAYS_EMBED_SWIFT_STANDARD_LIBRARIES = YES;
				BUNDLE_LOADER = "$(TEST_HOST)";
				CODE_SIGN_STYLE = Automatic;
				INFOPLIST_FILE = iosAppTests/Info.plist;
				LD_RUNPATH_SEARCH_PATHS = (
					"$(inherited)",
					"@executable_path/Frameworks",
					"@loader_path/Frameworks",
				);
				PRODUCT_BUNDLE_IDENTIFIER = icp.iosAppTests;
				PRODUCT_NAME = "$(TARGET_NAME)";
				SWIFT_VERSION = 5.0;
				TARGETED_DEVICE_FAMILY = "1,2";
				TEST_HOST = "$(BUILT_PRODUCTS_DIR)/iosApp.app/iosApp";
			};
			name = Debug;
		};
		68F9257E229DF5C4005AEE54 /* Release */ = {
			isa = XCBuildConfiguration;
			buildSettings = {
				ALWAYS_EMBED_SWIFT_STANDARD_LIBRARIES = YES;
				BUNDLE_LOADER = "$(TEST_HOST)";
				CODE_SIGN_STYLE = Automatic;
				INFOPLIST_FILE = iosAppTests/Info.plist;
				LD_RUNPATH_SEARCH_PATHS = (
					"$(inherited)",
					"@executable_path/Frameworks",
					"@loader_path/Frameworks",
				);
				PRODUCT_BUNDLE_IDENTIFIER = icp.iosAppTests;
				PRODUCT_NAME = "$(TARGET_NAME)";
				SWIFT_VERSION = 5.0;
				TARGETED_DEVICE_FAMILY = "1,2";
				TEST_HOST = "$(BUILT_PRODUCTS_DIR)/iosApp.app/iosApp";
			};
			name = Release;
		};
		68F92580229DF5C4005AEE54 /* Debug */ = {
			isa = XCBuildConfiguration;
			buildSettings = {
				ALWAYS_EMBED_SWIFT_STANDARD_LIBRARIES = YES;
				CODE_SIGN_STYLE = Automatic;
				INFOPLIST_FILE = iosAppUITests/Info.plist;
				LD_RUNPATH_SEARCH_PATHS = (
					"$(inherited)",
					"@executable_path/Frameworks",
					"@loader_path/Frameworks",
				);
				PRODUCT_BUNDLE_IDENTIFIER = icp.iosAppUITests;
				PRODUCT_NAME = "$(TARGET_NAME)";
				SWIFT_VERSION = 5.0;
				TARGETED_DEVICE_FAMILY = "1,2";
				TEST_TARGET_NAME = iosApp;
			};
			name = Debug;
		};
		68F92581229DF5C4005AEE54 /* Release */ = {
			isa = XCBuildConfiguration;
			buildSettings = {
				ALWAYS_EMBED_SWIFT_STANDARD_LIBRARIES = YES;
				CODE_SIGN_STYLE = Automatic;
				INFOPLIST_FILE = iosAppUITests/Info.plist;
				LD_RUNPATH_SEARCH_PATHS = (
					"$(inherited)",
					"@executable_path/Frameworks",
					"@loader_path/Frameworks",
				);
				PRODUCT_BUNDLE_IDENTIFIER = icp.iosAppUITests;
				PRODUCT_NAME = "$(TARGET_NAME)";
				SWIFT_VERSION = 5.0;
				TARGETED_DEVICE_FAMILY = "1,2";
				TEST_TARGET_NAME = iosApp;
			};
			name = Release;
		};
/* End XCBuildConfiguration section */

/* Begin XCConfigurationList section */
		68F9254C229DF5C3005AEE54 /* Build configuration list for PBXProject "iosApp" */ = {
			isa = XCConfigurationList;
			buildConfigurations = (
				68F92577229DF5C4005AEE54 /* Debug */,
				68F92578229DF5C4005AEE54 /* Release */,
			);
			defaultConfigurationIsVisible = 0;
			defaultConfigurationName = Release;
		};
		68F92579229DF5C4005AEE54 /* Build configuration list for PBXNativeTarget "iosApp" */ = {
			isa = XCConfigurationList;
			buildConfigurations = (
				68F9257A229DF5C4005AEE54 /* Debug */,
				68F9257B229DF5C4005AEE54 /* Release */,
			);
			defaultConfigurationIsVisible = 0;
			defaultConfigurationName = Release;
		};
		68F9257C229DF5C4005AEE54 /* Build configuration list for PBXNativeTarget "iosAppTests" */ = {
			isa = XCConfigurationList;
			buildConfigurations = (
				68F9257D229DF5C4005AEE54 /* Debug */,
				68F9257E229DF5C4005AEE54 /* Release */,
			);
			defaultConfigurationIsVisible = 0;
			defaultConfigurationName = Release;
		};
		68F9257F229DF5C4005AEE54 /* Build configuration list for PBXNativeTarget "iosAppUITests" */ = {
			isa = XCConfigurationList;
			buildConfigurations = (
				68F92580229DF5C4005AEE54 /* Debug */,
				68F92581229DF5C4005AEE54 /* Release */,
			);
			defaultConfigurationIsVisible = 0;
			defaultConfigurationName = Release;
		};
/* End XCConfigurationList section */
	};
	rootObject = 68F92549229DF5C3005AEE54 /* Project object */;
}
